
Microsoft Visual Studio Solution File, Format Version 12.00
# Visual Studio Version 16
VisualStudioVersion = 16.0.30223.230
MinimumVisualStudioVersion = 10.0.40219.1
Project("{9A19103F-16F7-4668-BE54-9A1E7A4F7556}") = "MicroApi", "MicroApi\MicroApi.csproj", "{775E60D2-7EFE-46B8-A57E-C29D7B6BFB5E}"
EndProject
Project("{2150E333-8FDC-42A3-9474-1A3956D46DE8}") = "Postman", "Postman", "{55DEBE40-0345-4118-A25F-D4FCC5D3F5B4}"
	ProjectSection(SolutionItems) = preProject
		..\test\Postman\MicroAPI.postman_collection.json = ..\test\Postman\MicroAPI.postman_collection.json
	EndProjectSection
EndProject
Global
	GlobalSection(SolutionConfigurationPlatforms) = preSolution
		Debug|Any CPU = Debug|Any CPU
		Release|Any CPU = Release|Any CPU
	EndGlobalSection
	GlobalSection(ProjectConfigurationPlatforms) = postSolution
		{775E60D2-7EFE-46B8-A57E-C29D7B6BFB5E}.Debug|Any CPU.ActiveCfg = Debug|Any CPU
		{775E60D2-7EFE-46B8-A57E-C29D7B6BFB5E}.Debug|Any CPU.Build.0 = Debug|Any CPU
		{775E60D2-7EFE-46B8-A57E-C29D7B6BFB5E}.Release|Any CPU.ActiveCfg = Release|Any CPU
		{775E60D2-7EFE-46B8-A57E-C29D7B6BFB5E}.Release|Any CPU.Build.0 = Release|Any CPU
	EndGlobalSection
	GlobalSection(SolutionProperties) = preSolution
		HideSolutionNode = FALSE
	EndGlobalSection
	GlobalSection(ExtensibilityGlobals) = postSolution
		SolutionGuid = {8240FE43-A798-40DD-80A3-CCAF24CDED10}
	EndGlobalSection
EndGlobal
